// !$*UTF8*$!
{
	archiveVersion = 1;
	classes = {
	};
	objectVersion = 46;
	objects = {

/* Begin PBXBuildFile section */
		76B5100C1B039508004F097A /* main.m in Sources */ = {isa = PBXBuildFile; fileRef = 76B5100B1B039508004F097A /* main.m */; };
		76B510131B0395A8004F097A /* Measurement.m in Sources */ = {isa = PBXBuildFile; fileRef = 76B510121B0395A8004F097A /* Measurement.m */; };
/* End PBXBuildFile section */

/* Begin PBXCopyFilesBuildPhase section */
		76B510061B039508004F097A /* CopyFiles */ = {
			isa = PBXCopyFilesBuildPhase;
			buildActionMask = 2147483647;
			dstPath = /usr/share/man/man1/;
			dstSubfolderSpec = 0;
			files = (
			);
			runOnlyForDeploymentPostprocessing = 1;
		};
/* End PBXCopyFilesBuildPhase section */

/* Begin PBXFileReference section */
		76B510081B039508004F097A /* Measurement */ = {isa = PBXFileReference; explicitFileType = "compiled.mach-o.executable"; includeInIndex = 0; path = Measurement; sourceTree = BUILT_PRODUCTS_DIR; };
		76B5100B1B039508004F097A /* main.m */ = {isa = PBXFileReference; lastKnownFileType = sourcecode.c.objc; path = main.m; sourceTree = "<group>"; };
		76B510121B0395A8004F097A /* Measurement.m */ = {isa = PBXFileReference; fileEncoding = 4; lastKnownFileType = sourcecode.c.objc; path = Measurement.m; sourceTree = "<group>"; };
		76B510141B0395EA004F097A /* Measurement.h */ = {isa = PBXFileReference; lastKnownFileType = sourcecode.c.h; path = Measurement.h; sourceTree = "<group>"; };
/* End PBXFileReference section */

/* Begin PBXFrameworksBuildPhase section */
		76B510051B039508004F097A /* Frameworks */ = {
			isa = PBXFrameworksBuildPhase;
			buildActionMask = 2147483647;
			files = (
			);
			runOnlyForDeploymentPostprocessing = 0;
		};
/* End PBXFrameworksBuildPhase section */

/* Begin PBXGroup section */
		76B50FFF1B039508004F097A = {
			isa = PBXGroup;
			children = (
				76B5100A1B039508004F097A /* Measurement */,
				76B510091B039508004F097A /* Products */,
			);
			sourceTree = "<group>";
		};
		76B510091B039508004F097A /* Products */ = {
			isa = PBXGroup;
			children = (
				76B510081B039508004F097A /* Measurement */,
			);
			name = Products;
			sourceTree = "<group>";
		};
		76B5100A1B039508004F097A /* Measurement */ = {
			isa = PBXGroup;
			children = (
				76B5100B1B039508004F097A /* main.m */,
				76B510121B0395A8004F097A /* Measurement.m */,
				76B510141B0395EA004F097A /* Measurement.h */,
			);
			path = Measurement;
			sourceTree = "<group>";
		};
/* End PBXGroup section */

/* Begin PBXNativeTarget section */
		76B510071B039508004F097A /* Measurement */ = {
			isa = PBXNativeTarget;
			buildConfigurationList = 76B5100F1B039508004F097A /* Build configuration list for PBXNativeTarget "Measurement" */;
			buildPhases = (
				76B510041B039508004F097A /* Sources */,
				76B510051B039508004F097A /* Frameworks */,
				76B510061B039508004F097A /* CopyFiles */,
			);
			buildRules = (
			);
			dependencies = (
			);
			name = Measurement;
			productName = Measurement;
			productReference = 76B510081B039508004F097A /* Measurement */;
			productType = "com.apple.product-type.tool";
		};
/* End PBXNativeTarget section */

/* Begin PBXProject section */
		76B510001B039508004F097A /* Project object */ = {
			isa = PBXProject;
			attributes = {
				LastUpgradeCheck = 0630;
				ORGANIZATIONNAME = "Liz Sanchez";
				TargetAttributes = {
					76B510071B039508004F097A = {
						CreatedOnToolsVersion = 6.3.1;
					};
				};
			};
			buildConfigurationList = 76B510031B039508004F097A /* Build configuration list for PBXProject "Measurement" */;
			compatibilityVersion = "Xcode 3.2";
			developmentRegion = English;
			hasScannedForEncodings = 0;
			knownRegions = (
				en,
			);
			mainGroup = 76B50FFF1B039508004F097A;
			productRefGroup = 76B510091B039508004F097A /* Products */;
			projectDirPath = "";
			projectRoot = "";
			targets = (
				76B510071B039508004F097A /* Measurement */,
			);
		};
/* End PBXProject section */

/* Begin PBXSourcesBuildPhase section */
		76B510041B039508004F097A /* Sources */ = {
			isa = PBXSourcesBuildPhase;
			buildActionMask = 2147483647;
			files = (
				76B510131B0395A8004F097A /* Measurement.m in Sources */,
				76B5100C1B039508004F097A /* main.m in Sources */,
			);
			runOnlyForDeploymentPostprocessing = 0;
		};
/* End PBXSourcesBuildPhase section */

/* Begin XCBuildConfiguration section */
		76B5100D1B039508004F097A /* Debug */ = {
			isa = XCBuildConfiguration;
			buildSettings = {
				ALWAYS_SEARCH_USER_PATHS = NO;
				CLANG_CXX_LANGUAGE_STANDARD = "gnu++0x";
				CLANG_CXX_LIBRARY = "libc++";
				CLANG_ENABLE_MODULES = YES;
				CLANG_ENABLE_OBJC_ARC = YES;
				CLANG_WARN_BOOL_CONVERSION = YES;
				CLANG_WARN_CONSTANT_CONVERSION = YES;
				CLANG_WARN_DIRECT_OBJC_ISA_USAGE = YES_ERROR;
				CLANG_WARN_EMPTY_BODY = YES;
				CLANG_WARN_ENUM_CONVERSION = YES;
				CLANG_WARN_INT_CONVERSION = YES;
				CLANG_WARN_OBJC_ROOT_CLASS = YES_ERROR;
				CLANG_WARN_UNREACHABLE_CODE = YES;
				CLANG_WARN__DUPLICATE_METHOD_MATCH = YES;
				COPY_PHASE_STRIP = NO;
				DEBUG_INFORMATION_FORMAT = dwarf;
				ENABLE_STRICT_OBJC_MSGSEND = YES;
				GCC_C_LANGUAGE_STANDARD = gnu99;
				GCC_DYNAMIC_NO_PIC = NO;
				GCC_NO_COMMON_BLOCKS = YES;
				GCC_OPTIMIZATION_LEVEL = 0;
				GCC_PREPROCESSOR_DEFINITIONS = (
					"DEBUG=1",
					"$(inherited)",
				);
				GCC_SYMBOLS_PRIVATE_EXTERN = NO;
				GCC_WARN_64_TO_32_BIT_CONVERSION = YES;
				GCC_WARN_ABOUT_RETURN_TYPE = YES_ERROR;
				GCC_WARN_UNDECLARED_SELECTOR = YES;
				GCC_WARN_UNINITIALIZED_AUTOS = YES_AGGRESSIVE;
				GCC_WARN_UNUSED_FUNCTION = YES;
				GCC_WARN_UNUSED_VARIABLE = YES;
				MACOSX_DEPLOYMENT_TARGET = 10.10;
				MTL_ENABLE_DEBUG_INFO = YES;
				ONLY_ACTIVE_ARCH = YES;
				SDKROOT = macosx;
			};
			name = Debug;
		};
		76B5100E1B039508004F097A /* Release */ = {
			isa = XCBuildConfiguration;
			buildSettings = {
				ALWAYS_SEARCH_USER_PATHS = NO;
				CLANG_CXX_LANGUAGE_STANDARD = "gnu++0x";
				CLANG_CXX_LIBRARY = "libc++";
				CLANG_ENABLE_MODULES = YES;
				CLANG_ENABLE_OBJC_ARC = YES;
				CLANG_WARN_BOOL_CONVERSION = YES;
				CLANG_WARN_CONSTANT_CONVERSION = YES;
				CLANG_WARN_DIRECT_OBJC_ISA_USAGE = YES_ERROR;
				CLANG_WARN_EMPTY_BODY = YES;
				CLANG_WARN_ENUM_CONVERSION = YES;
				CLANG_WARN_INT_CONVERSION = YES;
				CLANG_WARN_OBJC_ROOT_CLASS = YES_ERROR;
				CLANG_WARN_UNREACHABLE_CODE = YES;
				CLANG_WARN__DUPLICATE_METHOD_MATCH = YES;
				COPY_PHASE_STRIP = NO;
				DEBUG_INFORMATION_FORMAT = "dwarf-with-dsym";
				ENABLE_NS_ASSERTIONS = NO;
				ENABLE_STRICT_OBJC_MSGSEND = YES;
				GCC_C_LANGUAGE_STANDARD = gnu99;
				GCC_NO_COMMON_BLOCKS = YES;
				GCC_WARN_64_TO_32_BIT_CONVERSION = YES;
				GCC_WARN_ABOUT_RETURN_TYPE = YES_ERROR;
				GCC_WARN_UNDECLARED_SELECTOR = YES;
				GCC_WARN_UNINITIALIZED_AUTOS = YES_AGGRESSIVE;
				GCC_WARN_UNUSED_FUNCTION = YES;
				GCC_WARN_UNUSED_VARIABLE = YES;
				MACOSX_DEPLOYMENT_TARGET = 10.10;
				MTL_ENABLE_DEBUG_INFO = NO;
				SDKROOT = macosx;
			};
			name = Release;
		};
		76B510101B039508004F097A /* Debug */ = {
			isa = XCBuildConfiguration;
			buildSettings = {
				PRODUCT_NAME = "$(TARGET_NAME)";
			};
			name = Debug;
		};
		76B510111B039508004F097A /* Release */ = {
			isa = XCBuildConfiguration;
			buildSettings = {
				PRODUCT_NAME = "$(TARGET_NAME)";
			};
			name = Release;
		};
/* End XCBuildConfiguration section */

/* Begin XCConfigurationList section */
		76B510031B039508004F097A /* Build configuration list for PBXProject "Measurement" */ = {
			isa = XCConfigurationList;
			buildConfigurations = (
				76B5100D1B039508004F097A /* Debug */,
				76B5100E1B039508004F097A /* Release */,
			);
			defaultConfigurationIsVisible = 0;
			defaultConfigurationName = Release;
		};
		76B5100F1B039508004F097A /* Build configuration list for PBXNativeTarget "Measurement" */ = {
			isa = XCConfigurationList;
			buildConfigurations = (
				76B510101B039508004F097A /* Debug */,
				76B510111B039508004F097A /* Release */,
			);
			defaultConfigurationIsVisible = 0;
		};
/* End XCConfigurationList section */
	};
	rootObject = 76B510001B039508004F097A /* Project object */;
}
